// !$*UTF8*$!
{
	archiveVersion = 1;
	classes = {
	};
	objectVersion = 50;
	objects = {

/* Begin PBXBuildFile section */
		CEAE57D42495B54D004C28EC /* AppDelegate.swift in Sources */ = {isa = PBXBuildFile; fileRef = CEAE57D32495B54D004C28EC /* AppDelegate.swift */; };
		CEAE57D62495B54D004C28EC /* SceneDelegate.swift in Sources */ = {isa = PBXBuildFile; fileRef = CEAE57D52495B54D004C28EC /* SceneDelegate.swift */; };
		CEAE57D82495B54D004C28EC /* TaskViewController.swift in Sources */ = {isa = PBXBuildFile; fileRef = CEAE57D72495B54D004C28EC /* TaskViewController.swift */; };
		CEAE57DB2495B54D004C28EC /* Main.storyboard in Resources */ = {isa = PBXBuildFile; fileRef = CEAE57D92495B54D004C28EC /* Main.storyboard */; };
		CEAE57DD2495B54F004C28EC /* Assets.xcassets in Resources */ = {isa = PBXBuildFile; fileRef = CEAE57DC2495B54F004C28EC /* Assets.xcassets */; };
		CEAE57E02495B54F004C28EC /* LaunchScreen.storyboard in Resources */ = {isa = PBXBuildFile; fileRef = CEAE57DE2495B54F004C28EC /* LaunchScreen.storyboard */; };
		CEAE57E82495B7D5004C28EC /* Item.swift in Sources */ = {isa = PBXBuildFile; fileRef = CEAE57E72495B7D5004C28EC /* Item.swift */; };
/* End PBXBuildFile section */

/* Begin PBXFileReference section */
		CEAE57D02495B54D004C28EC /* TaskTableView.app */ = {isa = PBXFileReference; explicitFileType = wrapper.application; includeInIndex = 0; path = TaskTableView.app; sourceTree = BUILT_PRODUCTS_DIR; };
		CEAE57D32495B54D004C28EC /* AppDelegate.swift */ = {isa = PBXFileReference; lastKnownFileType = sourcecode.swift; path = AppDelegate.swift; sourceTree = "<group>"; };
		CEAE57D52495B54D004C28EC /* SceneDelegate.swift */ = {isa = PBXFileReference; lastKnownFileType = sourcecode.swift; path = SceneDelegate.swift; sourceTree = "<group>"; };
		CEAE57D72495B54D004C28EC /* TaskViewController.swift */ = {isa = PBXFileReference; lastKnownFileType = sourcecode.swift; path = TaskViewController.swift; sourceTree = "<group>"; };
		CEAE57DA2495B54D004C28EC /* Base */ = {isa = PBXFileReference; lastKnownFileType = file.storyboard; name = Base; path = Base.lproj/Main.storyboard; sourceTree = "<group>"; };
		CEAE57DC2495B54F004C28EC /* Assets.xcassets */ = {isa = PBXFileReference; lastKnownFileType = folder.assetcatalog; path = Assets.xcassets; sourceTree = "<group>"; };
		CEAE57DF2495B54F004C28EC /* Base */ = {isa = PBXFileReference; lastKnownFileType = file.storyboard; name = Base; path = Base.lproj/LaunchScreen.storyboard; sourceTree = "<group>"; };
		CEAE57E12495B54F004C28EC /* Info.plist */ = {isa = PBXFileReference; lastKnownFileType = text.plist.xml; path = Info.plist; sourceTree = "<group>"; };
		CEAE57E72495B7D5004C28EC /* Item.swift */ = {isa = PBXFileReference; lastKnownFileType = sourcecode.swift; path = Item.swift; sourceTree = "<group>"; };
/* End PBXFileReference section */

/* Begin PBXFrameworksBuildPhase section */
		CEAE57CD2495B54D004C28EC /* Frameworks */ = {
			isa = PBXFrameworksBuildPhase;
			buildActionMask = 2147483647;
			files = (
			);
			runOnlyForDeploymentPostprocessing = 0;
		};
/* End PBXFrameworksBuildPhase section */

/* Begin PBXGroup section */
		CEAE57C72495B54D004C28EC = {
			isa = PBXGroup;
			children = (
				CEAE57D22495B54D004C28EC /* TaskTableView */,
				CEAE57D12495B54D004C28EC /* Products */,
			);
			sourceTree = "<group>";
		};
		CEAE57D12495B54D004C28EC /* Products */ = {
			isa = PBXGroup;
			children = (
				CEAE57D02495B54D004C28EC /* TaskTableView.app */,
			);
			name = Products;
			sourceTree = "<group>";
		};
		CEAE57D22495B54D004C28EC /* TaskTableView */ = {
			isa = PBXGroup;
			children = (
				CEAE57D32495B54D004C28EC /* AppDelegate.swift */,
				CEAE57D52495B54D004C28EC /* SceneDelegate.swift */,
				CEAE57D72495B54D004C28EC /* TaskViewController.swift */,
				CEAE57E72495B7D5004C28EC /* Item.swift */,
				CEAE57D92495B54D004C28EC /* Main.storyboard */,
				CEAE57DC2495B54F004C28EC /* Assets.xcassets */,
				CEAE57DE2495B54F004C28EC /* LaunchScreen.storyboard */,
				CEAE57E12495B54F004C28EC /* Info.plist */,
			);
			path = TaskTableView;
			sourceTree = "<group>";
		};
/* End PBXGroup section */

/* Begin PBXNativeTarget section */
		CEAE57CF2495B54D004C28EC /* TaskTableView */ = {
			isa = PBXNativeTarget;
			buildConfigurationList = CEAE57E42495B54F004C28EC /* Build configuration list for PBXNativeTarget "TaskTableView" */;
			buildPhases = (
				CEAE57CC2495B54D004C28EC /* Sources */,
				CEAE57CD2495B54D004C28EC /* Frameworks */,
				CEAE57CE2495B54D004C28EC /* Resources */,
			);
			buildRules = (
			);
			dependencies = (
			);
			name = TaskTableView;
			productName = TaskTableView;
			productReference = CEAE57D02495B54D004C28EC /* TaskTableView.app */;
			productType = "com.apple.product-type.application";
		};
/* End PBXNativeTarget section */

/* Begin PBXProject section */
		CEAE57C82495B54D004C28EC /* Project object */ = {
			isa = PBXProject;
			attributes = {
				LastSwiftUpdateCheck = 1150;
				LastUpgradeCheck = 1150;
				ORGANIZATIONNAME = "Igarashi Ai";
				TargetAttributes = {
					CEAE57CF2495B54D004C28EC = {
						CreatedOnToolsVersion = 11.5;
					};
				};
			};
			buildConfigurationList = CEAE57CB2495B54D004C28EC /* Build configuration list for PBXProject "TaskTableView" */;
			compatibilityVersion = "Xcode 9.3";
			developmentRegion = en;
			hasScannedForEncodings = 0;
			knownRegions = (
				en,
				Base,
			);
			mainGroup = CEAE57C72495B54D004C28EC;
			productRefGroup = CEAE57D12495B54D004C28EC /* Products */;
			projectDirPath = "";
			projectRoot = "";
			targets = (
				CEAE57CF2495B54D004C28EC /* TaskTableView */,
			);
		};
/* End PBXProject section */

/* Begin PBXResourcesBuildPhase section */
		CEAE57CE2495B54D004C28EC /* Resources */ = {
			isa = PBXResourcesBuildPhase;
			buildActionMask = 2147483647;
			files = (
				CEAE57E02495B54F004C28EC /* LaunchScreen.storyboard in Resources */,
				CEAE57DD2495B54F004C28EC /* Assets.xcassets in Resources */,
				CEAE57DB2495B54D004C28EC /* Main.storyboard in Resources */,
			);
			runOnlyForDeploymentPostprocessing = 0;
		};
/* End PBXResourcesBuildPhase section */

/* Begin PBXSourcesBuildPhase section */
		CEAE57CC2495B54D004C28EC /* Sources */ = {
			isa = PBXSourcesBuildPhase;
			buildActionMask = 2147483647;
			files = (
				CEAE57E82495B7D5004C28EC /* Item.swift in Sources */,
				CEAE57D82495B54D004C28EC /* TaskViewController.swift in Sources */,
				CEAE57D42495B54D004C28EC /* AppDelegate.swift in Sources */,
				CEAE57D62495B54D004C28EC /* SceneDelegate.swift in Sources */,
			);
			runOnlyForDeploymentPostprocessing = 0;
		};
/* End PBXSourcesBuildPhase section */

/* Begin PBXVariantGroup section */
		CEAE57D92495B54D004C28EC /* Main.storyboard */ = {
			isa = PBXVariantGroup;
			children = (
				CEAE57DA2495B54D004C28EC /* Base */,
			);
			name = Main.storyboard;
			sourceTree = "<group>";
		};
		CEAE57DE2495B54F004C28EC /* LaunchScreen.storyboard */ = {
			isa = PBXVariantGroup;
			children = (
				CEAE57DF2495B54F004C28EC /* Base */,
			);
			name = LaunchScreen.storyboard;
			sourceTree = "<group>";
		};
/* End PBXVariantGroup section */

/* Begin XCBuildConfiguration section */
		CEAE57E22495B54F004C28EC /* Debug */ = {
			isa = XCBuildConfiguration;
			buildSettings = {
				ALWAYS_SEARCH_USER_PATHS = NO;
				CLANG_ANALYZER_NONNULL = YES;
				CLANG_ANALYZER_NUMBER_OBJECT_CONVERSION = YES_AGGRESSIVE;
				CLANG_CXX_LANGUAGE_STANDARD = "gnu++14";
				CLANG_CXX_LIBRARY = "libc++";
				CLANG_ENABLE_MODULES = YES;
				CLANG_ENABLE_OBJC_ARC = YES;
				CLANG_ENABLE_OBJC_WEAK = YES;
				CLANG_WARN_BLOCK_CAPTURE_AUTORELEASING = YES;
				CLANG_WARN_BOOL_CONVERSION = YES;
				CLANG_WARN_COMMA = YES;
				CLANG_WARN_CONSTANT_CONVERSION = YES;
				CLANG_WARN_DEPRECATED_OBJC_IMPLEMENTATIONS = YES;
				CLANG_WARN_DIRECT_OBJC_ISA_USAGE = YES_ERROR;
				CLANG_WARN_DOCUMENTATION_COMMENTS = YES;
				CLANG_WARN_EMPTY_BODY = YES;
				CLANG_WARN_ENUM_CONVERSION = YES;
				CLANG_WARN_INFINITE_RECURSION = YES;
				CLANG_WARN_INT_CONVERSION = YES;
				CLANG_WARN_NON_LITERAL_NULL_CONVERSION = YES;
				CLANG_WARN_OBJC_IMPLICIT_RETAIN_SELF = YES;
				CLANG_WARN_OBJC_LITERAL_CONVERSION = YES;
				CLANG_WARN_OBJC_ROOT_CLASS = YES_ERROR;
				CLANG_WARN_RANGE_LOOP_ANALYSIS = YES;
				CLANG_WARN_STRICT_PROTOTYPES = YES;
				CLANG_WARN_SUSPICIOUS_MOVE = YES;
				CLANG_WARN_UNGUARDED_AVAILABILITY = YES_AGGRESSIVE;
				CLANG_WARN_UNREACHABLE_CODE = YES;
				CLANG_WARN__DUPLICATE_METHOD_MATCH = YES;
				COPY_PHASE_STRIP = NO;
				DEBUG_INFORMATION_FORMAT = dwarf;
				ENABLE_STRICT_OBJC_MSGSEND = YES;
				ENABLE_TESTABILITY = YES;
				GCC_C_LANGUAGE_STANDARD = gnu11;
				GCC_DYNAMIC_NO_PIC = NO;
				GCC_NO_COMMON_BLOCKS = YES;
				GCC_OPTIMIZATION_LEVEL = 0;
				GCC_PREPROCESSOR_DEFINITIONS = (
					"DEBUG=1",
					"$(inherited)",
				);
				GCC_WARN_64_TO_32_BIT_CONVERSION = YES;
				GCC_WARN_ABOUT_RETURN_TYPE = YES_ERROR;
				GCC_WARN_UNDECLARED_SELECTOR = YES;
				GCC_WARN_UNINITIALIZED_AUTOS = YES_AGGRESSIVE;
				GCC_WARN_UNUSED_FUNCTION = YES;
				GCC_WARN_UNUSED_VARIABLE = YES;
				IPHONEOS_DEPLOYMENT_TARGET = 13.5;
				MTL_ENABLE_DEBUG_INFO = INCLUDE_SOURCE;
				MTL_FAST_MATH = YES;
				ONLY_ACTIVE_ARCH = YES;
				SDKROOT = iphoneos;
				SWIFT_ACTIVE_COMPILATION_CONDITIONS = DEBUG;
				SWIFT_OPTIMIZATION_LEVEL = "-Onone";
			};
			name = Debug;
		};
		CEAE57E32495B54F004C28EC /* Release */ = {
			isa = XCBuildConfiguration;
			buildSettings = {
				ALWAYS_SEARCH_USER_PATHS = NO;
				CLANG_ANALYZER_NONNULL = YES;
				CLANG_ANALYZER_NUMBER_OBJECT_CONVERSION = YES_AGGRESSIVE;
				CLANG_CXX_LANGUAGE_STANDARD = "gnu++14";
				CLANG_CXX_LIBRARY = "libc++";
				CLANG_ENABLE_MODULES = YES;
				CLANG_ENABLE_OBJC_ARC = YES;
				CLANG_ENABLE_OBJC_WEAK = YES;
				CLANG_WARN_BLOCK_CAPTURE_AUTORELEASING = YES;
				CLANG_WARN_BOOL_CONVERSION = YES;
				CLANG_WARN_COMMA = YES;
				CLANG_WARN_CONSTANT_CONVERSION = YES;
				CLANG_WARN_DEPRECATED_OBJC_IMPLEMENTATIONS = YES;
				CLANG_WARN_DIRECT_OBJC_ISA_USAGE = YES_ERROR;
				CLANG_WARN_DOCUMENTATION_COMMENTS = YES;
				CLANG_WARN_EMPTY_BODY = YES;
				CLANG_WARN_ENUM_CONVERSION = YES;
				CLANG_WARN_INFINITE_RECURSION = YES;
				CLANG_WARN_INT_CONVERSION = YES;
				CLANG_WARN_NON_LITERAL_NULL_CONVERSION = YES;
				CLANG_WARN_OBJC_IMPLICIT_RETAIN_SELF = YES;
				CLANG_WARN_OBJC_LITERAL_CONVERSION = YES;
				CLANG_WARN_OBJC_ROOT_CLASS = YES_ERROR;
				CLANG_WARN_RANGE_LOOP_ANALYSIS = YES;
				CLANG_WARN_STRICT_PROTOTYPES = YES;
				CLANG_WARN_SUSPICIOUS_MOVE = YES;
				CLANG_WARN_UNGUARDED_AVAILABILITY = YES_AGGRESSIVE;
				CLANG_WARN_UNREACHABLE_CODE = YES;
				CLANG_WARN__DUPLICATE_METHOD_MATCH = YES;
				COPY_PHASE_STRIP = NO;
				DEBUG_INFORMATION_FORMAT = "dwarf-with-dsym";
				ENABLE_NS_ASSERTIONS = NO;
				ENABLE_STRICT_OBJC_MSGSEND = YES;
				GCC_C_LANGUAGE_STANDARD = gnu11;
				GCC_NO_COMMON_BLOCKS = YES;
				GCC_WARN_64_TO_32_BIT_CONVERSION = YES;
				GCC_WARN_ABOUT_RETURN_TYPE = YES_ERROR;
				GCC_WARN_UNDECLARED_SELECTOR = YES;
				GCC_WARN_UNINITIALIZED_AUTOS = YES_AGGRESSIVE;
				GCC_WARN_UNUSED_FUNCTION = YES;
				GCC_WARN_UNUSED_VARIABLE = YES;
				IPHONEOS_DEPLOYMENT_TARGET = 13.5;
				MTL_ENABLE_DEBUG_INFO = NO;
				MTL_FAST_MATH = YES;
				SDKROOT = iphoneos;
				SWIFT_COMPILATION_MODE = wholemodule;
				SWIFT_OPTIMIZATION_LEVEL = "-O";
				VALIDATE_PRODUCT = YES;
			};
			name = Release;
		};
		CEAE57E52495B54F004C28EC /* Debug */ = {
			isa = XCBuildConfiguration;
			buildSettings = {
				ASSETCATALOG_COMPILER_APPICON_NAME = AppIcon;
				CODE_SIGN_STYLE = Automatic;
				DEVELOPMENT_TEAM = W2HXTK2662;
				INFOPLIST_FILE = TaskTableView/Info.plist;
				LD_RUNPATH_SEARCH_PATHS = (
					"$(inherited)",
					"@executable_path/Frameworks",
				);
				PRODUCT_BUNDLE_IDENTIFIER = com.IgarashiAi.TaskTableView;
				PRODUCT_NAME = "$(TARGET_NAME)";
				SWIFT_VERSION = 5.0;
				TARGETED_DEVICE_FAMILY = "1,2";
			};
			name = Debug;
		};
		CEAE57E62495B54F004C28EC /* Release */ = {
			isa = XCBuildConfiguration;
			buildSettings = {
				ASSETCATALOG_COMPILER_APPICON_NAME = AppIcon;
				CODE_SIGN_STYLE = Automatic;
				DEVELOPMENT_TEAM = W2HXTK2662;
				INFOPLIST_FILE = TaskTableView/Info.plist;
				LD_RUNPATH_SEARCH_PATHS = (
					"$(inherited)",
					"@executable_path/Frameworks",
				);
				PRODUCT_BUNDLE_IDENTIFIER = com.IgarashiAi.TaskTableView;
				PRODUCT_NAME = "$(TARGET_NAME)";
				SWIFT_VERSION = 5.0;
				TARGETED_DEVICE_FAMILY = "1,2";
			};
			name = Release;
		};
/* End XCBuildConfiguration section */

/* Begin XCConfigurationList section */
		CEAE57CB2495B54D004C28EC /* Build configuration list for PBXProject "TaskTableView" */ = {
			isa = XCConfigurationList;
			buildConfigurations = (
				CEAE57E22495B54F004C28EC /* Debug */,
				CEAE57E32495B54F004C28EC /* Release */,
			);
			defaultConfigurationIsVisible = 0;
			defaultConfigurationName = Release;
		};
		CEAE57E42495B54F004C28EC /* Build configuration list for PBXNativeTarget "TaskTableView" */ = {
			isa = XCConfigurationList;
			buildConfigurations = (
				CEAE57E52495B54F004C28EC /* Debug */,
				CEAE57E62495B54F004C28EC /* Release */,
			);
			defaultConfigurationIsVisible = 0;
			defaultConfigurationName = Release;
		};
/* End XCConfigurationList section */
	};
	rootObject = CEAE57C82495B54D004C28EC /* Project object */;
}
